
Microsoft Visual Studio Solution File, Format Version 12.00
# Visual Studio Version 16
VisualStudioVersion = 16.0.31829.152
MinimumVisualStudioVersion = 10.0.40219.1
Project("{FAE04EC0-301F-11D3-BF4B-00C04F79EFBC}") = "lab2Wpf", "lab2Wpf\lab2Wpf.csproj", "{9A8896F8-1B58-4D83-A1D0-A1F3BA8935A5}"
EndProject
Global
	GlobalSection(SolutionConfigurationPlatforms) = preSolution
		Debug|Any CPU = Debug|Any CPU
		Release|Any CPU = Release|Any CPU
	EndGlobalSection
	GlobalSection(ProjectConfigurationPlatforms) = postSolution
		{9A8896F8-1B58-4D83-A1D0-A1F3BA8935A5}.Debug|Any CPU.ActiveCfg = Debug|Any CPU
		{9A8896F8-1B58-4D83-A1D0-A1F3BA8935A5}.Debug|Any CPU.Build.0 = Debug|Any CPU
		{9A8896F8-1B58-4D83-A1D0-A1F3BA8935A5}.Release|Any CPU.ActiveCfg = Release|Any CPU
		{9A8896F8-1B58-4D83-A1D0-A1F3BA8935A5}.Release|Any CPU.Build.0 = Release|Any CPU
	EndGlobalSection
	GlobalSection(SolutionProperties) = preSolution
		HideSolutionNode = FALSE
	EndGlobalSection
	GlobalSection(ExtensibilityGlobals) = postSolution
		SolutionGuid = {4148E654-17E8-4C79-9688-E57B7623423E}
	EndGlobalSection
EndGlobal
